
Microsoft Visual Studio Solution File, Format Version 12.00
# Visual Studio Version 17
VisualStudioVersion = 17.14.37111.16 d17.14
MinimumVisualStudioVersion = 10.0.40219.1
Project("{FAE04EC0-301F-11D3-BF4B-00C04F79EFBC}") = "Cables", "Cables\Cables.csproj", "{7C2FB2EA-105B-4022-8E93-B7446BAD1295}"
EndProject
Project("{FAE04EC0-301F-11D3-BF4B-00C04F79EFBC}") = "WPF_Program", "WPF_Program\WPF_Program.csproj", "{4D7B8AEE-D071-4298-A6AB-49A6D9026EFC}"
EndProject
Project("{FAE04EC0-301F-11D3-BF4B-00C04F79EFBC}") = "CableStorageTests", "CableStorageTests\CableStorageTests.csproj", "{87E05A6A-AE97-4B12-9C98-08A26EA3BC3A}"
EndProject
Global
	GlobalSection(SolutionConfigurationPlatforms) = preSolution
		Debug|Any CPU = Debug|Any CPU
		Release|Any CPU = Release|Any CPU
	EndGlobalSection
	GlobalSection(ProjectConfigurationPlatforms) = postSolution
		{7C2FB2EA-105B-4022-8E93-B7446BAD1295}.Debug|Any CPU.ActiveCfg = Debug|Any CPU
		{7C2FB2EA-105B-4022-8E93-B7446BAD1295}.Debug|Any CPU.Build.0 = Debug|Any CPU
		{7C2FB2EA-105B-4022-8E93-B7446BAD1295}.Release|Any CPU.ActiveCfg = Release|Any CPU
		{7C2FB2EA-105B-4022-8E93-B7446BAD1295}.Release|Any CPU.Build.0 = Release|Any CPU
		{4D7B8AEE-D071-4298-A6AB-49A6D9026EFC}.Debug|Any CPU.ActiveCfg = Debug|Any CPU
		{4D7B8AEE-D071-4298-A6AB-49A6D9026EFC}.Debug|Any CPU.Build.0 = Debug|Any CPU
		{4D7B8AEE-D071-4298-A6AB-49A6D9026EFC}.Release|Any CPU.ActiveCfg = Release|Any CPU
		{4D7B8AEE-D071-4298-A6AB-49A6D9026EFC}.Release|Any CPU.Build.0 = Release|Any CPU
		{87E05A6A-AE97-4B12-9C98-08A26EA3BC3A}.Debug|Any CPU.ActiveCfg = Debug|Any CPU
		{87E05A6A-AE97-4B12-9C98-08A26EA3BC3A}.Debug|Any CPU.Build.0 = Debug|Any CPU
		{87E05A6A-AE97-4B12-9C98-08A26EA3BC3A}.Release|Any CPU.ActiveCfg = Release|Any CPU
		{87E05A6A-AE97-4B12-9C98-08A26EA3BC3A}.Release|Any CPU.Build.0 = Release|Any CPU
	EndGlobalSection
	GlobalSection(SolutionProperties) = preSolution
		HideSolutionNode = FALSE
	EndGlobalSection
	GlobalSection(ExtensibilityGlobals) = postSolution
		SolutionGuid = {3CD7368B-79C1-4266-A611-36B85293507D}
	EndGlobalSection
EndGlobal
